// !$*UTF8*$!
{
	archiveVersion = 1;
	classes = {
	};
	objectVersion = 56;
	objects = {

/* Begin PBXBuildFile section */
		37DBCCF12AE6B96C00E27028 /* FouAppApp.swift in Sources */ = {isa = PBXBuildFile; fileRef = 37DBCCF02AE6B96C00E27028 /* FouAppApp.swift */; };
		37DBCCF32AE6B96C00E27028 /* ContentView.swift in Sources */ = {isa = PBXBuildFile; fileRef = 37DBCCF22AE6B96C00E27028 /* ContentView.swift */; };
		37DBCCF52AE6B96F00E27028 /* Assets.xcassets in Resources */ = {isa = PBXBuildFile; fileRef = 37DBCCF42AE6B96F00E27028 /* Assets.xcassets */; };
		37DBCCF82AE6B96F00E27028 /* Preview Assets.xcassets in Resources */ = {isa = PBXBuildFile; fileRef = 37DBCCF72AE6B96F00E27028 /* Preview Assets.xcassets */; };
		37DBCCFF2AE6BE8D00E27028 /* SignView.swift in Sources */ = {isa = PBXBuildFile; fileRef = 37DBCCFE2AE6BE8D00E27028 /* SignView.swift */; };
		37DBCD012AE6D75800E27028 /* LoginView.swift in Sources */ = {isa = PBXBuildFile; fileRef = 37DBCD002AE6D75700E27028 /* LoginView.swift */; };
		37DBCD032AE6E83C00E27028 /* WelcView.swift in Sources */ = {isa = PBXBuildFile; fileRef = 37DBCD022AE6E83C00E27028 /* WelcView.swift */; };
		37DBCD052AE6F63200E27028 /* SuccView.swift in Sources */ = {isa = PBXBuildFile; fileRef = 37DBCD042AE6F63200E27028 /* SuccView.swift */; };
/* End PBXBuildFile section */

/* Begin PBXFileReference section */
		37DBCCED2AE6B96C00E27028 /* FouApp.app */ = {isa = PBXFileReference; explicitFileType = wrapper.application; includeInIndex = 0; path = FouApp.app; sourceTree = BUILT_PRODUCTS_DIR; };
		37DBCCF02AE6B96C00E27028 /* FouAppApp.swift */ = {isa = PBXFileReference; lastKnownFileType = sourcecode.swift; path = FouAppApp.swift; sourceTree = "<group>"; };
		37DBCCF22AE6B96C00E27028 /* ContentView.swift */ = {isa = PBXFileReference; lastKnownFileType = sourcecode.swift; path = ContentView.swift; sourceTree = "<group>"; };
		37DBCCF42AE6B96F00E27028 /* Assets.xcassets */ = {isa = PBXFileReference; lastKnownFileType = folder.assetcatalog; path = Assets.xcassets; sourceTree = "<group>"; };
		37DBCCF72AE6B96F00E27028 /* Preview Assets.xcassets */ = {isa = PBXFileReference; lastKnownFileType = folder.assetcatalog; path = "Preview Assets.xcassets"; sourceTree = "<group>"; };
		37DBCCFE2AE6BE8D00E27028 /* SignView.swift */ = {isa = PBXFileReference; lastKnownFileType = sourcecode.swift; path = SignView.swift; sourceTree = "<group>"; };
		37DBCD002AE6D75700E27028 /* LoginView.swift */ = {isa = PBXFileReference; lastKnownFileType = sourcecode.swift; path = LoginView.swift; sourceTree = "<group>"; };
		37DBCD022AE6E83C00E27028 /* WelcView.swift */ = {isa = PBXFileReference; lastKnownFileType = sourcecode.swift; path = WelcView.swift; sourceTree = "<group>"; };
		37DBCD042AE6F63200E27028 /* SuccView.swift */ = {isa = PBXFileReference; lastKnownFileType = sourcecode.swift; path = SuccView.swift; sourceTree = "<group>"; };
/* End PBXFileReference section */

/* Begin PBXFrameworksBuildPhase section */
		37DBCCEA2AE6B96C00E27028 /* Frameworks */ = {
			isa = PBXFrameworksBuildPhase;
			buildActionMask = 2147483647;
			files = (
			);
			runOnlyForDeploymentPostprocessing = 0;
		};
/* End PBXFrameworksBuildPhase section */

/* Begin PBXGroup section */
		3779A4EC2AE8149A0056D734 /* Views */ = {
			isa = PBXGroup;
			children = (
				37DBCCFE2AE6BE8D00E27028 /* SignView.swift */,
				37DBCD002AE6D75700E27028 /* LoginView.swift */,
				37DBCD022AE6E83C00E27028 /* WelcView.swift */,
				37DBCD042AE6F63200E27028 /* SuccView.swift */,
			);
			name = Views;
			sourceTree = "<group>";
		};
		37DBCCE42AE6B96C00E27028 = {
			isa = PBXGroup;
			children = (
				3779A4EC2AE8149A0056D734 /* Views */,
				37DBCCEF2AE6B96C00E27028 /* FouApp */,
				37DBCCEE2AE6B96C00E27028 /* Products */,
			);
			sourceTree = "<group>";
		};
		37DBCCEE2AE6B96C00E27028 /* Products */ = {
			isa = PBXGroup;
			children = (
				37DBCCED2AE6B96C00E27028 /* FouApp.app */,
			);
			name = Products;
			sourceTree = "<group>";
		};
		37DBCCEF2AE6B96C00E27028 /* FouApp */ = {
			isa = PBXGroup;
			children = (
				37DBCCF02AE6B96C00E27028 /* FouAppApp.swift */,
				37DBCCF22AE6B96C00E27028 /* ContentView.swift */,
				37DBCCF42AE6B96F00E27028 /* Assets.xcassets */,
				37DBCCF62AE6B96F00E27028 /* Preview Content */,
			);
			path = FouApp;
			sourceTree = "<group>";
		};
		37DBCCF62AE6B96F00E27028 /* Preview Content */ = {
			isa = PBXGroup;
			children = (
				37DBCCF72AE6B96F00E27028 /* Preview Assets.xcassets */,
			);
			path = "Preview Content";
			sourceTree = "<group>";
		};
/* End PBXGroup section */

/* Begin PBXNativeTarget section */
		37DBCCEC2AE6B96C00E27028 /* FouApp */ = {
			isa = PBXNativeTarget;
			buildConfigurationList = 37DBCCFB2AE6B96F00E27028 /* Build configuration list for PBXNativeTarget "FouApp" */;
			buildPhases = (
				37DBCCE92AE6B96C00E27028 /* Sources */,
				37DBCCEA2AE6B96C00E27028 /* Frameworks */,
				37DBCCEB2AE6B96C00E27028 /* Resources */,
			);
			buildRules = (
			);
			dependencies = (
			);
			name = FouApp;
			productName = FouApp;
			productReference = 37DBCCED2AE6B96C00E27028 /* FouApp.app */;
			productType = "com.apple.product-type.application";
		};
/* End PBXNativeTarget section */

/* Begin PBXProject section */
		37DBCCE52AE6B96C00E27028 /* Project object */ = {
			isa = PBXProject;
			attributes = {
				BuildIndependentTargetsInParallel = 1;
				LastSwiftUpdateCheck = 1500;
				LastUpgradeCheck = 1500;
				TargetAttributes = {
					37DBCCEC2AE6B96C00E27028 = {
						CreatedOnToolsVersion = 15.0.1;
					};
				};
			};
			buildConfigurationList = 37DBCCE82AE6B96C00E27028 /* Build configuration list for PBXProject "FouApp" */;
			compatibilityVersion = "Xcode 14.0";
			developmentRegion = en;
			hasScannedForEncodings = 0;
			knownRegions = (
				en,
				Base,
			);
			mainGroup = 37DBCCE42AE6B96C00E27028;
			productRefGroup = 37DBCCEE2AE6B96C00E27028 /* Products */;
			projectDirPath = "";
			projectRoot = "";
			targets = (
				37DBCCEC2AE6B96C00E27028 /* FouApp */,
			);
		};
/* End PBXProject section */

/* Begin PBXResourcesBuildPhase section */
		37DBCCEB2AE6B96C00E27028 /* Resources */ = {
			isa = PBXResourcesBuildPhase;
			buildActionMask = 2147483647;
			files = (
				37DBCCF82AE6B96F00E27028 /* Preview Assets.xcassets in Resources */,
				37DBCCF52AE6B96F00E27028 /* Assets.xcassets in Resources */,
			);
			runOnlyForDeploymentPostprocessing = 0;
		};
/* End PBXResourcesBuildPhase section */

/* Begin PBXSourcesBuildPhase section */
		37DBCCE92AE6B96C00E27028 /* Sources */ = {
			isa = PBXSourcesBuildPhase;
			buildActionMask = 2147483647;
			files = (
				37DBCD032AE6E83C00E27028 /* WelcView.swift in Sources */,
				37DBCCFF2AE6BE8D00E27028 /* SignView.swift in Sources */,
				37DBCCF32AE6B96C00E27028 /* ContentView.swift in Sources */,
				37DBCD012AE6D75800E27028 /* LoginView.swift in Sources */,
				37DBCD052AE6F63200E27028 /* SuccView.swift in Sources */,
				37DBCCF12AE6B96C00E27028 /* FouAppApp.swift in Sources */,
			);
			runOnlyForDeploymentPostprocessing = 0;
		};
/* End PBXSourcesBuildPhase section */

/* Begin XCBuildConfiguration section */
		37DBCCF92AE6B96F00E27028 /* Debug */ = {
			isa = XCBuildConfiguration;
			buildSettings = {
				ALWAYS_SEARCH_USER_PATHS = NO;
				ASSETCATALOG_COMPILER_GENERATE_SWIFT_ASSET_SYMBOL_EXTENSIONS = YES;
				CLANG_ANALYZER_NONNULL = YES;
				CLANG_ANALYZER_NUMBER_OBJECT_CONVERSION = YES_AGGRESSIVE;
				CLANG_CXX_LANGUAGE_STANDARD = "gnu++20";
				CLANG_ENABLE_MODULES = YES;
				CLANG_ENABLE_OBJC_ARC = YES;
				CLANG_ENABLE_OBJC_WEAK = YES;
				CLANG_WARN_BLOCK_CAPTURE_AUTORELEASING = YES;
				CLANG_WARN_BOOL_CONVERSION = YES;
				CLANG_WARN_COMMA = YES;
				CLANG_WARN_CONSTANT_CONVERSION = YES;
				CLANG_WARN_DEPRECATED_OBJC_IMPLEMENTATIONS = YES;
				CLANG_WARN_DIRECT_OBJC_ISA_USAGE = YES_ERROR;
				CLANG_WARN_DOCUMENTATION_COMMENTS = YES;
				CLANG_WARN_EMPTY_BODY = YES;
				CLANG_WARN_ENUM_CONVERSION = YES;
				CLANG_WARN_INFINITE_RECURSION = YES;
				CLANG_WARN_INT_CONVERSION = YES;
				CLANG_WARN_NON_LITERAL_NULL_CONVERSION = YES;
				CLANG_WARN_OBJC_IMPLICIT_RETAIN_SELF = YES;
				CLANG_WARN_OBJC_LITERAL_CONVERSION = YES;
				CLANG_WARN_OBJC_ROOT_CLASS = YES_ERROR;
				CLANG_WARN_QUOTED_INCLUDE_IN_FRAMEWORK_HEADER = YES;
				CLANG_WARN_RANGE_LOOP_ANALYSIS = YES;
				CLANG_WARN_STRICT_PROTOTYPES = YES;
				CLANG_WARN_SUSPICIOUS_MOVE = YES;
				CLANG_WARN_UNGUARDED_AVAILABILITY = YES_AGGRESSIVE;
				CLANG_WARN_UNREACHABLE_CODE = YES;
				CLANG_WARN__DUPLICATE_METHOD_MATCH = YES;
				COPY_PHASE_STRIP = NO;
				DEBUG_INFORMATION_FORMAT = dwarf;
				ENABLE_STRICT_OBJC_MSGSEND = YES;
				ENABLE_TESTABILITY = YES;
				ENABLE_USER_SCRIPT_SANDBOXING = YES;
				GCC_C_LANGUAGE_STANDARD = gnu17;
				GCC_DYNAMIC_NO_PIC = NO;
				GCC_NO_COMMON_BLOCKS = YES;
				GCC_OPTIMIZATION_LEVEL = 0;
				GCC_PREPROCESSOR_DEFINITIONS = (
					"DEBUG=1",
					"$(inherited)",
				);
				GCC_WARN_64_TO_32_BIT_CONVERSION = YES;
				GCC_WARN_ABOUT_RETURN_TYPE = YES_ERROR;
				GCC_WARN_UNDECLARED_SELECTOR = YES;
				GCC_WARN_UNINITIALIZED_AUTOS = YES_AGGRESSIVE;
				GCC_WARN_UNUSED_FUNCTION = YES;
				GCC_WARN_UNUSED_VARIABLE = YES;
				IPHONEOS_DEPLOYMENT_TARGET = 17.0;
				LOCALIZATION_PREFERS_STRING_CATALOGS = YES;
				MTL_ENABLE_DEBUG_INFO = INCLUDE_SOURCE;
				MTL_FAST_MATH = YES;
				ONLY_ACTIVE_ARCH = YES;
				SDKROOT = iphoneos;
				SWIFT_ACTIVE_COMPILATION_CONDITIONS = "DEBUG $(inherited)";
				SWIFT_OPTIMIZATION_LEVEL = "-Onone";
			};
			name = Debug;
		};
		37DBCCFA2AE6B96F00E27028 /* Release */ = {
			isa = XCBuildConfiguration;
			buildSettings = {
				ALWAYS_SEARCH_USER_PATHS = NO;
				ASSETCATALOG_COMPILER_GENERATE_SWIFT_ASSET_SYMBOL_EXTENSIONS = YES;
				CLANG_ANALYZER_NONNULL = YES;
				CLANG_ANALYZER_NUMBER_OBJECT_CONVERSION = YES_AGGRESSIVE;
				CLANG_CXX_LANGUAGE_STANDARD = "gnu++20";
				CLANG_ENABLE_MODULES = YES;
				CLANG_ENABLE_OBJC_ARC = YES;
				CLANG_ENABLE_OBJC_WEAK = YES;
				CLANG_WARN_BLOCK_CAPTURE_AUTORELEASING = YES;
				CLANG_WARN_BOOL_CONVERSION = YES;
				CLANG_WARN_COMMA = YES;
				CLANG_WARN_CONSTANT_CONVERSION = YES;
				CLANG_WARN_DEPRECATED_OBJC_IMPLEMENTATIONS = YES;
				CLANG_WARN_DIRECT_OBJC_ISA_USAGE = YES_ERROR;
				CLANG_WARN_DOCUMENTATION_COMMENTS = YES;
				CLANG_WARN_EMPTY_BODY = YES;
				CLANG_WARN_ENUM_CONVERSION = YES;
				CLANG_WARN_INFINITE_RECURSION = YES;
				CLANG_WARN_INT_CONVERSION = YES;
				CLANG_WARN_NON_LITERAL_NULL_CONVERSION = YES;
				CLANG_WARN_OBJC_IMPLICIT_RETAIN_SELF = YES;
				CLANG_WARN_OBJC_LITERAL_CONVERSION = YES;
				CLANG_WARN_OBJC_ROOT_CLASS = YES_ERROR;
				CLANG_WARN_QUOTED_INCLUDE_IN_FRAMEWORK_HEADER = YES;
				CLANG_WARN_RANGE_LOOP_ANALYSIS = YES;
				CLANG_WARN_STRICT_PROTOTYPES = YES;
				CLANG_WARN_SUSPICIOUS_MOVE = YES;
				CLANG_WARN_UNGUARDED_AVAILABILITY = YES_AGGRESSIVE;
				CLANG_WARN_UNREACHABLE_CODE = YES;
				CLANG_WARN__DUPLICATE_METHOD_MATCH = YES;
				COPY_PHASE_STRIP = NO;
				DEBUG_INFORMATION_FORMAT = "dwarf-with-dsym";
				ENABLE_NS_ASSERTIONS = NO;
				ENABLE_STRICT_OBJC_MSGSEND = YES;
				ENABLE_USER_SCRIPT_SANDBOXING = YES;
				GCC_C_LANGUAGE_STANDARD = gnu17;
				GCC_NO_COMMON_BLOCKS = YES;
				GCC_WARN_64_TO_32_BIT_CONVERSION = YES;
				GCC_WARN_ABOUT_RETURN_TYPE = YES_ERROR;
				GCC_WARN_UNDECLARED_SELECTOR = YES;
				GCC_WARN_UNINITIALIZED_AUTOS = YES_AGGRESSIVE;
				GCC_WARN_UNUSED_FUNCTION = YES;
				GCC_WARN_UNUSED_VARIABLE = YES;
				IPHONEOS_DEPLOYMENT_TARGET = 17.0;
				LOCALIZATION_PREFERS_STRING_CATALOGS = YES;
				MTL_ENABLE_DEBUG_INFO = NO;
				MTL_FAST_MATH = YES;
				SDKROOT = iphoneos;
				SWIFT_COMPILATION_MODE = wholemodule;
				VALIDATE_PRODUCT = YES;
			};
			name = Release;
		};
		37DBCCFC2AE6B96F00E27028 /* Debug */ = {
			isa = XCBuildConfiguration;
			buildSettings = {
				ASSETCATALOG_COMPILER_APPICON_NAME = AppIcon;
				ASSETCATALOG_COMPILER_GLOBAL_ACCENT_COLOR_NAME = AccentColor;
				CODE_SIGN_STYLE = Automatic;
				CURRENT_PROJECT_VERSION = 1;
				DEVELOPMENT_ASSET_PATHS = "\"FouApp/Preview Content\"";
				ENABLE_PREVIEWS = YES;
				GENERATE_INFOPLIST_FILE = YES;
				INFOPLIST_KEY_UIApplicationSceneManifest_Generation = YES;
				INFOPLIST_KEY_UIApplicationSupportsIndirectInputEvents = YES;
				INFOPLIST_KEY_UILaunchScreen_Generation = YES;
				INFOPLIST_KEY_UISupportedInterfaceOrientations_iPad = "UIInterfaceOrientationPortrait UIInterfaceOrientationPortraitUpsideDown UIInterfaceOrientationLandscapeLeft UIInterfaceOrientationLandscapeRight";
				INFOPLIST_KEY_UISupportedInterfaceOrientations_iPhone = "UIInterfaceOrientationPortrait UIInterfaceOrientationLandscapeLeft UIInterfaceOrientationLandscapeRight";
				LD_RUNPATH_SEARCH_PATHS = (
					"$(inherited)",
					"@executable_path/Frameworks",
				);
				MARKETING_VERSION = 1.0;
				PRODUCT_BUNDLE_IDENTIFIER = com.example.FouApp;
				PRODUCT_NAME = "$(TARGET_NAME)";
				SWIFT_EMIT_LOC_STRINGS = YES;
				SWIFT_VERSION = 5.0;
				TARGETED_DEVICE_FAMILY = "1,2";
			};
			name = Debug;
		};
		37DBCCFD2AE6B96F00E27028 /* Release */ = {
			isa = XCBuildConfiguration;
			buildSettings = {
				ASSETCATALOG_COMPILER_APPICON_NAME = AppIcon;
				ASSETCATALOG_COMPILER_GLOBAL_ACCENT_COLOR_NAME = AccentColor;
				CODE_SIGN_STYLE = Automatic;
				CURRENT_PROJECT_VERSION = 1;
				DEVELOPMENT_ASSET_PATHS = "\"FouApp/Preview Content\"";
				ENABLE_PREVIEWS = YES;
				GENERATE_INFOPLIST_FILE = YES;
				INFOPLIST_KEY_UIApplicationSceneManifest_Generation = YES;
				INFOPLIST_KEY_UIApplicationSupportsIndirectInputEvents = YES;
				INFOPLIST_KEY_UILaunchScreen_Generation = YES;
				INFOPLIST_KEY_UISupportedInterfaceOrientations_iPad = "UIInterfaceOrientationPortrait UIInterfaceOrientationPortraitUpsideDown UIInterfaceOrientationLandscapeLeft UIInterfaceOrientationLandscapeRight";
				INFOPLIST_KEY_UISupportedInterfaceOrientations_iPhone = "UIInterfaceOrientationPortrait UIInterfaceOrientationLandscapeLeft UIInterfaceOrientationLandscapeRight";
				LD_RUNPATH_SEARCH_PATHS = (
					"$(inherited)",
					"@executable_path/Frameworks",
				);
				MARKETING_VERSION = 1.0;
				PRODUCT_BUNDLE_IDENTIFIER = com.example.FouApp;
				PRODUCT_NAME = "$(TARGET_NAME)";
				SWIFT_EMIT_LOC_STRINGS = YES;
				SWIFT_VERSION = 5.0;
				TARGETED_DEVICE_FAMILY = "1,2";
			};
			name = Release;
		};
/* End XCBuildConfiguration section */

/* Begin XCConfigurationList section */
		37DBCCE82AE6B96C00E27028 /* Build configuration list for PBXProject "FouApp" */ = {
			isa = XCConfigurationList;
			buildConfigurations = (
				37DBCCF92AE6B96F00E27028 /* Debug */,
				37DBCCFA2AE6B96F00E27028 /* Release */,
			);
			defaultConfigurationIsVisible = 0;
			defaultConfigurationName = Release;
		};
		37DBCCFB2AE6B96F00E27028 /* Build configuration list for PBXNativeTarget "FouApp" */ = {
			isa = XCConfigurationList;
			buildConfigurations = (
				37DBCCFC2AE6B96F00E27028 /* Debug */,
				37DBCCFD2AE6B96F00E27028 /* Release */,
			);
			defaultConfigurationIsVisible = 0;
			defaultConfigurationName = Release;
		};
/* End XCConfigurationList section */
	};
	rootObject = 37DBCCE52AE6B96C00E27028 /* Project object */;
}
